# Python 3.11 / Linux. Exact versions and published PyPI artifact SHA-256, reviewed 2026-09-21.
delta-spark==3.2.1 --hash=sha256:05384ebfeee8e779435302a3e0f1e565636270a2404bedc3a2ee1fea7c980626 --hash=sha256:662ff591acbe190d0d0a07e65cde77f9b81f58da940ae8ca85f620b562165fc3
importlib_metadata==8.5.0 --hash=sha256:45e54197d28b7a7f1559e60b95e7c567032b602131fbd588f1497f47880aa68b --hash=sha256:71522656f0abace1d072b9e5481a48f07c138e00f079c38c8f883823f9c26bd7
iniconfig==2.0.0 --hash=sha256:2d91e135bf72d31a410b17c16da610a82cb55f6b0477d1a902134b24a455b8b3 --hash=sha256:b6a85871a79d2e3b22d2d1b94ac2824226a63c6b741c88f7ae975f18b6778374
mypy==1.11.2 --hash=sha256:06d26c277962f3fb50e13044674aa10553981ae514288cb7d0a738f495550b36 --hash=sha256:2ff93107f01968ed834f4256bc1fc4475e2fecf6c661260066a985b52741ddce --hash=sha256:36383a4fcbad95f2657642a07ba22ff797de26277158f1cc7bd234821468b1b6 --hash=sha256:37c7fa6121c1cdfcaac97ce3d3b5588e847aa79b580c1e922bb5d5d2902df19b --hash=sha256:3a66169b92452f72117e2da3a576087025449018afc2d8e9bfe5ffab865709ca --hash=sha256:3f14cd3d386ac4d05c5a39a51b84387403dadbd936e17cb35882134d4f8f0d24 --hash=sha256:41ea707d036a5307ac674ea172875f40c9d55c5394f888b168033177fce47383 --hash=sha256:478db5f5036817fe45adb7332d927daa62417159d49783041338921dcf646fc7 --hash=sha256:4a8a53bc3ffbd161b5b2a4fff2f0f1e23a33b0168f1c0778ec70e1a3d66deb86 --hash=sha256:539c570477a96a4e6fb718b8d5c3e0c0eba1f485df13f86d2970c91f0673148d --hash=sha256:57555a7715c0a34421013144a33d280e73c08df70f3a18a552938587ce9274f4 --hash=sha256:6e658bd2d20565ea86da7d91331b0eed6d2eee22dc031579e6297f3e12c758c8 --hash=sha256:6e7184632d89d677973a14d00ae4d03214c8bc301ceefcdaf5c474866814c987 --hash=sha256:75746e06d5fa1e91bfd5432448d00d34593b52e7e91a187d981d08d1f33d4385 --hash=sha256:7f9993ad3e0ffdc95c2a14b66dee63729f021968bff8ad911867579c65d13a79 --hash=sha256:801780c56d1cdb896eacd5619a83e427ce436d86a3bdf9112527f24a66618fef --hash=sha256:801ca29f43d5acce85f8e999b1e431fb479cb02d0e11deb7d2abb56bdaf24fd6 --hash=sha256:969ea3ef09617aff826885a22ece0ddef69d95852cdad2f60c8bb06bf1f71f70 --hash=sha256:a976775ab2256aadc6add633d44f100a2517d2388906ec4f13231fafbb0eccca --hash=sha256:af8d155170fcf87a2afb55b35dc1a0ac21df4431e7d96717621962e4b9192e70 --hash=sha256:b499bc07dbdcd3de92b0a8b29fdf592c111276f6a12fe29c30f6c417dd546d12 --hash=sha256:cd953f221ac1379050a8a646585a29574488974f79d8082cedef62744f0a0104 --hash=sha256:d42a6dd818ffce7be66cce644f1dff482f1d97c53ca70908dff0b9ddc120b77a --hash=sha256:e8960dbbbf36906c5c0b7f4fbf2f0c7ffb20f4898e6a879fcf56a41a08b0d318 --hash=sha256:edb91dded4df17eae4537668b23f0ff6baf3707683734b6a818d5b9d0c0c31a1 --hash=sha256:ee23de8530d99b6db0573c4ef4bd8f39a2a6f9b60655bf7a1357e585a3486f2b --hash=sha256:f7821776e5c4286b6a13138cc935e2e9b6fde05e081bdebf5cdb2bb97c9df81d
mypy_extensions==1.0.0 --hash=sha256:4392f6c0eb8a5668a69e23d168ffa70f0be9ccfd32b5cc2d26a34ae5b844552d --hash=sha256:75dbf8955dc00442a438fc4d0666508a9a97b6bd41aa2f0ffe9d2f2725af0782
packaging==24.1 --hash=sha256:026ed72c8ed3fcce5bf8950572258698927fd1dbda10a5e981cdf0ac37f4f002 --hash=sha256:5b8f2217dbdbd2f7f384c41c628544e6d52f2d0f53c6d0c3ea61aa5d1d7ff124
pluggy==1.5.0 --hash=sha256:2cffa88e94fdc978c4c574f15f9e59b7f4201d439195c3715ca9e2486f1d0cf1 --hash=sha256:44e1ad92c8ca002de6377e165f3e0f1be63266ab4d554740532335b9d75ea669
py4j==0.10.9.7 --hash=sha256:0b6e5315bb3ada5cf62ac651d107bb2ebc02def3dee9d9548e3baac644ea8dbb --hash=sha256:85defdfd2b2376eb3abf5ca6474b51ab7e0de341c75a02f46dc9b5976f5a5c1b
pygments==2.21.0 --hash=sha256:2363c69b61c4a97c838da3b130dcd6468f4848992b21a82f2a63ec34377137d9 --hash=sha256:610ca751c9bc2492b38eb9a38a7fbc93edbbb2d7182edaf34e66ae493dee5c8c
pyspark==3.5.9 --hash=sha256:ea27adc39ddac9413b8951e45aa748cbed6c785971b81386efc41938f6243d93
pytest==9.0.3 --hash=sha256:2c5efc453d45394fdd706ade797c0a81091eccd1d6e4bccfcd476e2b8e0ab5d9 --hash=sha256:b86ada508af81d19edeb213c681b1d48246c1a91d304c6c81a427674c17eb91c
ruff==0.6.9 --hash=sha256:064df58d84ccc0ac0fcd63bc3090b251d90e2a372558c0f057c3f75ed73e1ccd --hash=sha256:12edd2af0c60fa61ff31cefb90aef4288ac4d372b4962c2864aeea3a1a2460c0 --hash=sha256:140d4b5c9f5fc7a7b074908a78ab8d384dd7f6510402267bc76c37195c02a7ec --hash=sha256:3c866b631f5fbce896a74a6e4383407ba7507b815ccc52bcedabb6810fdb3ef7 --hash=sha256:3ef0cc774b00fec123f635ce5c547dac263f6ee9fb9cc83437c5904183b55ceb --hash=sha256:417b81aa1c9b60b2f8edc463c58363075412866ae4e2b9ab0f690dc1e87ac1b5 --hash=sha256:53fd8ca5e82bdee8da7f506d7b03a261f24cd43d090ea9db9a1dc59d9313914c --hash=sha256:55bb01caeaf3a60b2b2bba07308a02fca6ab56233302406ed5245180a05c5625 --hash=sha256:645d7d8761f915e48a00d4ecc3686969761df69fb561dd914a773c1a8266e14e --hash=sha256:785d31851c1ae91f45b3d8fe23b8ae4b5170089021fbb42402d811135f0b7117 --hash=sha256:7b118afbb3202f5911486ad52da86d1d52305b59e7ef2031cea3425142b97d6f --hash=sha256:7d5ccc9e58112441de8ad4b29dcb7a86dc25c5f770e3c06a9d57e0e5eba48829 --hash=sha256:925d26471fa24b0ce5a6cdfab1bb526fb4159952385f386bdcc643813d472039 --hash=sha256:a67267654edc23c97335586774790cde402fb6bbdb3c2314f1fc087dee320bfa --hash=sha256:a9641e31476d601f83cd602608739a0840e348bda93fec9f1ee816f8b6798b93 --hash=sha256:b076ef717a8e5bc819514ee1d602bbdca5b4420ae13a9cf61a0c0a4f53a2baa2 --hash=sha256:eae02b700763e3847595b9d2891488989cac00214da7f845f4bcf2989007d577 --hash=sha256:eb61ec9bdb2506cffd492e05ac40e5bc6284873aceb605503d8494180d6fc84d
typing_extensions==4.12.2 --hash=sha256:04e5ca0351e0f3f85c6853954072df659d0d13fac324d0072316b67d7794700d --hash=sha256:1a7ead55c7e559dd4dee8856e3a88b41225abfe1ce8df57b7c13915fe121ffb8
zipp==3.20.2 --hash=sha256:a817ac80d6cf4b23bf7f2828b7cabf326f15a001bea8b1f9b49631780ba28350 --hash=sha256:bc9eb26f4506fda01b81bcde0ca78103b6e62f991b381fec825435c836edbc29
