# Python 3.11 / Linux. Exact versions and published PyPI artifact SHA-256, reviewed 2026-09-21.
setuptools==84.0.0 --hash=sha256:51a52592b3b99e102b609654876bd65f19f999935166d1352678931132b0c670 --hash=sha256:f4695c21257f0d9b537ec2692c941d02ee143b7cc1276941349a546573b2ef73
wheel==0.48.0 --hash=sha256:3217dcc807155e45db462d7ef2431f5ddda0d7273b700d05a67b271ceb1287ab --hash=sha256:94800765601e9171bf5d58d066e640662842bcedcbab982b2c90787a2c987322
packaging==24.1 --hash=sha256:026ed72c8ed3fcce5bf8950572258698927fd1dbda10a5e981cdf0ac37f4f002 --hash=sha256:5b8f2217dbdbd2f7f384c41c628544e6d52f2d0f53c6d0c3ea61aa5d1d7ff124
